
Microsoft Visual Studio Solution File, Format Version 12.00
# Visual Studio Version 16
VisualStudioVersion = 16.0.31321.278
MinimumVisualStudioVersion = 10.0.40219.1
Project("{FAE04EC0-301F-11D3-BF4B-00C04F79EFBC}") = "UniversityDataScraper", "UniversityDataScraper.csproj", "{8168F380-533F-4F0F-BF2E-C3354C54BD6E}"
EndProject
Global
	GlobalSection(SolutionConfigurationPlatforms) = preSolution
		Debug|Any CPU = Debug|Any CPU
		Release|Any CPU = Release|Any CPU
	EndGlobalSection
	GlobalSection(ProjectConfigurationPlatforms) = postSolution
		{8168F380-533F-4F0F-BF2E-C3354C54BD6E}.Debug|Any CPU.ActiveCfg = Debug|Any CPU
		{8168F380-533F-4F0F-BF2E-C3354C54BD6E}.Debug|Any CPU.Build.0 = Debug|Any CPU
		{8168F380-533F-4F0F-BF2E-C3354C54BD6E}.Release|Any CPU.ActiveCfg = Release|Any CPU
		{8168F380-533F-4F0F-BF2E-C3354C54BD6E}.Release|Any CPU.Build.0 = Release|Any CPU
	EndGlobalSection
	GlobalSection(SolutionProperties) = preSolution
		HideSolutionNode = FALSE
	EndGlobalSection
	GlobalSection(ExtensibilityGlobals) = postSolution
		SolutionGuid = {1FB25A82-6D0E-439D-BA33-D9A3AF824190}
	EndGlobalSection
EndGlobal
